
Microsoft Visual Studio Solution File, Format Version 12.00
# Visual Studio Version 17
VisualStudioVersion = 17.14.36705.20 d17.14
MinimumVisualStudioVersion = 10.0.40219.1
Project("{FAE04EC0-301F-11D3-BF4B-00C04F79EFBC}") = "CatalogoVirtual", "CatalogoVirtual.csproj", "{BA7F2251-B5B3-4CCE-A13F-E6A49188D4BB}"
EndProject
Global
	GlobalSection(SolutionConfigurationPlatforms) = preSolution
		Debug|Any CPU = Debug|Any CPU
		Release|Any CPU = Release|Any CPU
	EndGlobalSection
	GlobalSection(ProjectConfigurationPlatforms) = postSolution
		{BA7F2251-B5B3-4CCE-A13F-E6A49188D4BB}.Debug|Any CPU.ActiveCfg = Debug|Any CPU
		{BA7F2251-B5B3-4CCE-A13F-E6A49188D4BB}.Debug|Any CPU.Build.0 = Debug|Any CPU
		{BA7F2251-B5B3-4CCE-A13F-E6A49188D4BB}.Release|Any CPU.ActiveCfg = Release|Any CPU
		{BA7F2251-B5B3-4CCE-A13F-E6A49188D4BB}.Release|Any CPU.Build.0 = Release|Any CPU
	EndGlobalSection
	GlobalSection(SolutionProperties) = preSolution
		HideSolutionNode = FALSE
	EndGlobalSection
	GlobalSection(ExtensibilityGlobals) = postSolution
		SolutionGuid = {7FD34454-A1D1-4039-9B4F-CDCF03F967E5}
	EndGlobalSection
EndGlobal
